{
  "name": "front-basic",
  "version": "1.0.0",
  "lockfileVersion": 2,
  "requires": true,
  "packages": {
    "": {
      "version": "1.0.0",
      "license": "ISC",
      "dependencies": {
        "@squidit/css": "^1.1.7"
      }
    },
    "node_modules/@squidit/css": {
      "version": "1.1.7",
      "resolved": "https://registry.npmjs.org/@squidit/css/-/css-1.1.7.tgz",
      "integrity": "sha512-uQmgqoVBBLbbGjYUsb83M9B/BMJm3uUhw578c1yH8RuxWfD/f5rLmL+FBCJunWTeSDhGhXsfkN/7rQgNS3lCJw=="
    }
  },
  "dependencies": {
    "@squidit/css": {
      "version": "1.1.7",
      "resolved": "https://registry.npmjs.org/@squidit/css/-/css-1.1.7.tgz",
      "integrity": "sha512-uQmgqoVBBLbbGjYUsb83M9B/BMJm3uUhw578c1yH8RuxWfD/f5rLmL+FBCJunWTeSDhGhXsfkN/7rQgNS3lCJw=="
    }
  }
}
